
Microsoft Visual Studio Solution File, Format Version 12.00
# Visual Studio Version 17
VisualStudioVersion = 17.0.31919.166
MinimumVisualStudioVersion = 10.0.40219.1
Project("{FAE04EC0-301F-11D3-BF4B-00C04F79EFBC}") = "UC11_ProjetoGrafico2", "UC11_ProjetoGrafico2\UC11_ProjetoGrafico2.csproj", "{023E8C88-F583-43C4-8197-82394EE75AB6}"
EndProject
Global
	GlobalSection(SolutionConfigurationPlatforms) = preSolution
		Debug|Any CPU = Debug|Any CPU
		Release|Any CPU = Release|Any CPU
	EndGlobalSection
	GlobalSection(ProjectConfigurationPlatforms) = postSolution
		{023E8C88-F583-43C4-8197-82394EE75AB6}.Debug|Any CPU.ActiveCfg = Debug|Any CPU
		{023E8C88-F583-43C4-8197-82394EE75AB6}.Debug|Any CPU.Build.0 = Debug|Any CPU
		{023E8C88-F583-43C4-8197-82394EE75AB6}.Release|Any CPU.ActiveCfg = Release|Any CPU
		{023E8C88-F583-43C4-8197-82394EE75AB6}.Release|Any CPU.Build.0 = Release|Any CPU
	EndGlobalSection
	GlobalSection(SolutionProperties) = preSolution
		HideSolutionNode = FALSE
	EndGlobalSection
	GlobalSection(ExtensibilityGlobals) = postSolution
		SolutionGuid = {1C38DD01-C323-4DA5-B911-BBB692B499A8}
	EndGlobalSection
EndGlobal
